
Microsoft Visual Studio Solution File, Format Version 12.00
# Visual Studio Version 17
VisualStudioVersion = 17.0.32112.339
MinimumVisualStudioVersion = 10.0.40219.1
Project("{9A19103F-16F7-4668-BE54-9A1E7A4F7556}") = "RestApi", "RestApi.csproj", "{1D72AF73-32FF-45D8-BCF8-1ACC12A38257}"
EndProject
Project("{FAE04EC0-301F-11D3-BF4B-00C04F79EFBC}") = "ClientApp", "..\ClientApp\ClientApp.csproj", "{B97F8984-6C3A-4B03-AA4F-D36E23A43DCB}"
EndProject
Global
	GlobalSection(SolutionConfigurationPlatforms) = preSolution
		Debug|Any CPU = Debug|Any CPU
		Release|Any CPU = Release|Any CPU
	EndGlobalSection
	GlobalSection(ProjectConfigurationPlatforms) = postSolution
		{1D72AF73-32FF-45D8-BCF8-1ACC12A38257}.Debug|Any CPU.ActiveCfg = Debug|Any CPU
		{1D72AF73-32FF-45D8-BCF8-1ACC12A38257}.Debug|Any CPU.Build.0 = Debug|Any CPU
		{1D72AF73-32FF-45D8-BCF8-1ACC12A38257}.Release|Any CPU.ActiveCfg = Release|Any CPU
		{1D72AF73-32FF-45D8-BCF8-1ACC12A38257}.Release|Any CPU.Build.0 = Release|Any CPU
		{B97F8984-6C3A-4B03-AA4F-D36E23A43DCB}.Debug|Any CPU.ActiveCfg = Debug|Any CPU
		{B97F8984-6C3A-4B03-AA4F-D36E23A43DCB}.Debug|Any CPU.Build.0 = Debug|Any CPU
		{B97F8984-6C3A-4B03-AA4F-D36E23A43DCB}.Release|Any CPU.ActiveCfg = Release|Any CPU
		{B97F8984-6C3A-4B03-AA4F-D36E23A43DCB}.Release|Any CPU.Build.0 = Release|Any CPU
	EndGlobalSection
	GlobalSection(SolutionProperties) = preSolution
		HideSolutionNode = FALSE
	EndGlobalSection
	GlobalSection(ExtensibilityGlobals) = postSolution
		SolutionGuid = {BD32DB59-C4E1-4D83-8217-55A915ACDED0}
	EndGlobalSection
EndGlobal
